
Microsoft Visual Studio Solution File, Format Version 12.00
# Visual Studio Version 16
VisualStudioVersion = 16.0.29403.142
MinimumVisualStudioVersion = 10.0.40219.1
Project("{FAE04EC0-301F-11D3-BF4B-00C04F79EFBC}") = "Webs", "Webs\Webs.csproj", "{C4F98E51-08BA-47D8-A784-60BE187E2910}"
EndProject
Project("{FAE04EC0-301F-11D3-BF4B-00C04F79EFBC}") = "Data", "..\CTPS\Data\Data.csproj", "{5D2B45B4-0AAE-412B-A97F-4BFA7E3065CE}"
EndProject
Global
	GlobalSection(SolutionConfigurationPlatforms) = preSolution
		Debug|Any CPU = Debug|Any CPU
		Release|Any CPU = Release|Any CPU
	EndGlobalSection
	GlobalSection(ProjectConfigurationPlatforms) = postSolution
		{C4F98E51-08BA-47D8-A784-60BE187E2910}.Debug|Any CPU.ActiveCfg = Debug|Any CPU
		{C4F98E51-08BA-47D8-A784-60BE187E2910}.Debug|Any CPU.Build.0 = Debug|Any CPU
		{C4F98E51-08BA-47D8-A784-60BE187E2910}.Release|Any CPU.ActiveCfg = Release|Any CPU
		{C4F98E51-08BA-47D8-A784-60BE187E2910}.Release|Any CPU.Build.0 = Release|Any CPU
		{5D2B45B4-0AAE-412B-A97F-4BFA7E3065CE}.Debug|Any CPU.ActiveCfg = Debug|Any CPU
		{5D2B45B4-0AAE-412B-A97F-4BFA7E3065CE}.Debug|Any CPU.Build.0 = Debug|Any CPU
		{5D2B45B4-0AAE-412B-A97F-4BFA7E3065CE}.Release|Any CPU.ActiveCfg = Release|Any CPU
		{5D2B45B4-0AAE-412B-A97F-4BFA7E3065CE}.Release|Any CPU.Build.0 = Release|Any CPU
	EndGlobalSection
	GlobalSection(SolutionProperties) = preSolution
		HideSolutionNode = FALSE
	EndGlobalSection
	GlobalSection(ExtensibilityGlobals) = postSolution
		SolutionGuid = {5B4B4B8B-42B7-4A9D-8935-73515652564C}
	EndGlobalSection
EndGlobal
